// !$*UTF8*$!
{
	archiveVersion = 1;
	classes = {
	};
	objectVersion = 46;
	objects = {

/* Begin PBXBuildFile section */
		50006A5915285EFF0097FDCC /* UIKit.framework in Frameworks */ = {isa = PBXBuildFile; fileRef = 50006A5815285EFF0097FDCC /* UIKit.framework */; };
		50006A5B15285EFF0097FDCC /* Foundation.framework in Frameworks */ = {isa = PBXBuildFile; fileRef = 50006A5A15285EFF0097FDCC /* Foundation.framework */; };
		50006A5D15285EFF0097FDCC /* CoreGraphics.framework in Frameworks */ = {isa = PBXBuildFile; fileRef = 50006A5C15285EFF0097FDCC /* CoreGraphics.framework */; };
		50006A6315285EFF0097FDCC /* InfoPlist.strings in Resources */ = {isa = PBXBuildFile; fileRef = 50006A6115285EFF0097FDCC /* InfoPlist.strings */; };
		50006A6515285EFF0097FDCC /* main.m in Sources */ = {isa = PBXBuildFile; fileRef = 50006A6415285EFF0097FDCC /* main.m */; };
		50006A6915285EFF0097FDCC /* SMAppDelegate.m in Sources */ = {isa = PBXBuildFile; fileRef = 50006A6815285EFF0097FDCC /* SMAppDelegate.m */; };
		502AC36A152A1F42008D717A /* InputRecorder.mm in Sources */ = {isa = PBXBuildFile; fileRef = 502AC369152A1F42008D717A /* InputRecorder.mm */; };
		50A3A7FA152A02D6001B346E /* Metronome.m in Sources */ = {isa = PBXBuildFile; fileRef = 50A3A7F9152A02D6001B346E /* Metronome.m */; };
		50A3A7FC152A07AF001B346E /* AVFoundation.framework in Frameworks */ = {isa = PBXBuildFile; fileRef = 50A3A7FB152A07AF001B346E /* AVFoundation.framework */; };
		50A3A800152A08BC001B346E /* Pop-02.wav in Resources */ = {isa = PBXBuildFile; fileRef = 50A3A7FF152A08BC001B346E /* Pop-02.wav */; };
		50A46C51152903220051BD84 /* MainView.m in Sources */ = {isa = PBXBuildFile; fileRef = 50A46C4F152903220051BD84 /* MainView.m */; };
		50A46C52152903220051BD84 /* MainView.xib in Resources */ = {isa = PBXBuildFile; fileRef = 50A46C50152903220051BD84 /* MainView.xib */; };
		50A46C55152904BB0051BD84 /* iAd.framework in Frameworks */ = {isa = PBXBuildFile; fileRef = 50A46C54152904BB0051BD84 /* iAd.framework */; };
		50ABA431152B27E7000D4E25 /* MBProgressHUD.m in Sources */ = {isa = PBXBuildFile; fileRef = 50ABA430152B27E7000D4E25 /* MBProgressHUD.m */; };
		50ABA435152B2A19000D4E25 /* EchonestAnalyseConnection.mm in Sources */ = {isa = PBXBuildFile; fileRef = 50ABA434152B2A19000D4E25 /* EchonestAnalyseConnection.mm */; };
/* End PBXBuildFile section */

/* Begin PBXFileReference section */
		50006A5415285EFF0097FDCC /* SmartMetronome.app */ = {isa = PBXFileReference; explicitFileType = wrapper.application; includeInIndex = 0; path = SmartMetronome.app; sourceTree = BUILT_PRODUCTS_DIR; };
		50006A5815285EFF0097FDCC /* UIKit.framework */ = {isa = PBXFileReference; lastKnownFileType = wrapper.framework; name = UIKit.framework; path = System/Library/Frameworks/UIKit.framework; sourceTree = SDKROOT; };
		50006A5A15285EFF0097FDCC /* Foundation.framework */ = {isa = PBXFileReference; lastKnownFileType = wrapper.framework; name = Foundation.framework; path = System/Library/Frameworks/Foundation.framework; sourceTree = SDKROOT; };
		50006A5C15285EFF0097FDCC /* CoreGraphics.framework */ = {isa = PBXFileReference; lastKnownFileType = wrapper.framework; name = CoreGraphics.framework; path = System/Library/Frameworks/CoreGraphics.framework; sourceTree = SDKROOT; };
		50006A6015285EFF0097FDCC /* SmartMetronome-Info.plist */ = {isa = PBXFileReference; lastKnownFileType = text.plist.xml; path = "SmartMetronome-Info.plist"; sourceTree = "<group>"; };
		50006A6215285EFF0097FDCC /* en */ = {isa = PBXFileReference; lastKnownFileType = text.plist.strings; name = en; path = en.lproj/InfoPlist.strings; sourceTree = "<group>"; };
		50006A6415285EFF0097FDCC /* main.m */ = {isa = PBXFileReference; lastKnownFileType = sourcecode.c.objc; path = main.m; sourceTree = "<group>"; };
		50006A6615285EFF0097FDCC /* SmartMetronome-Prefix.pch */ = {isa = PBXFileReference; lastKnownFileType = sourcecode.c.h; path = "SmartMetronome-Prefix.pch"; sourceTree = "<group>"; };
		50006A6715285EFF0097FDCC /* SMAppDelegate.h */ = {isa = PBXFileReference; lastKnownFileType = sourcecode.c.h; path = SMAppDelegate.h; sourceTree = "<group>"; };
		50006A6815285EFF0097FDCC /* SMAppDelegate.m */ = {isa = PBXFileReference; lastKnownFileType = sourcecode.c.objc; path = SMAppDelegate.m; sourceTree = "<group>"; };
		502AC368152A1F42008D717A /* InputRecorder.h */ = {isa = PBXFileReference; fileEncoding = 4; lastKnownFileType = sourcecode.c.h; path = InputRecorder.h; sourceTree = "<group>"; };
		502AC369152A1F42008D717A /* InputRecorder.mm */ = {isa = PBXFileReference; fileEncoding = 4; lastKnownFileType = sourcecode.cpp.objcpp; path = InputRecorder.mm; sourceTree = "<group>"; };
		50A3A7F8152A02D6001B346E /* Metronome.h */ = {isa = PBXFileReference; fileEncoding = 4; lastKnownFileType = sourcecode.c.h; path = Metronome.h; sourceTree = "<group>"; };
		50A3A7F9152A02D6001B346E /* Metronome.m */ = {isa = PBXFileReference; fileEncoding = 4; lastKnownFileType = sourcecode.c.objc; path = Metronome.m; sourceTree = "<group>"; };
		50A3A7FB152A07AF001B346E /* AVFoundation.framework */ = {isa = PBXFileReference; lastKnownFileType = wrapper.framework; name = AVFoundation.framework; path = System/Library/Frameworks/AVFoundation.framework; sourceTree = SDKROOT; };
		50A3A7FF152A08BC001B346E /* Pop-02.wav */ = {isa = PBXFileReference; lastKnownFileType = audio.wav; path = "Pop-02.wav"; sourceTree = "<group>"; };
		50A46C4E152903220051BD84 /* MainView.h */ = {isa = PBXFileReference; fileEncoding = 4; lastKnownFileType = sourcecode.c.h; path = MainView.h; sourceTree = "<group>"; };
		50A46C4F152903220051BD84 /* MainView.m */ = {isa = PBXFileReference; fileEncoding = 4; lastKnownFileType = sourcecode.c.objc; path = MainView.m; sourceTree = "<group>"; };
		50A46C50152903220051BD84 /* MainView.xib */ = {isa = PBXFileReference; fileEncoding = 4; lastKnownFileType = file.xib; path = MainView.xib; sourceTree = "<group>"; };
		50A46C54152904BB0051BD84 /* iAd.framework */ = {isa = PBXFileReference; lastKnownFileType = wrapper.framework; name = iAd.framework; path = System/Library/Frameworks/iAd.framework; sourceTree = SDKROOT; };
		50ABA42F152B27E7000D4E25 /* MBProgressHUD.h */ = {isa = PBXFileReference; fileEncoding = 4; lastKnownFileType = sourcecode.c.h; path = MBProgressHUD.h; sourceTree = "<group>"; };
		50ABA430152B27E7000D4E25 /* MBProgressHUD.m */ = {isa = PBXFileReference; fileEncoding = 4; lastKnownFileType = sourcecode.c.objc; path = MBProgressHUD.m; sourceTree = "<group>"; };
		50ABA433152B2A19000D4E25 /* EchonestAnalyseConnection.h */ = {isa = PBXFileReference; fileEncoding = 4; lastKnownFileType = sourcecode.c.h; path = EchonestAnalyseConnection.h; sourceTree = "<group>"; };
		50ABA434152B2A19000D4E25 /* EchonestAnalyseConnection.mm */ = {isa = PBXFileReference; fileEncoding = 4; lastKnownFileType = sourcecode.cpp.objcpp; path = EchonestAnalyseConnection.mm; sourceTree = "<group>"; };
/* End PBXFileReference section */

/* Begin PBXFrameworksBuildPhase section */
		50006A5115285EFF0097FDCC /* Frameworks */ = {
			isa = PBXFrameworksBuildPhase;
			buildActionMask = 2147483647;
			files = (
				50A3A7FC152A07AF001B346E /* AVFoundation.framework in Frameworks */,
				50A46C55152904BB0051BD84 /* iAd.framework in Frameworks */,
				50006A5915285EFF0097FDCC /* UIKit.framework in Frameworks */,
				50006A5B15285EFF0097FDCC /* Foundation.framework in Frameworks */,
				50006A5D15285EFF0097FDCC /* CoreGraphics.framework in Frameworks */,
			);
			runOnlyForDeploymentPostprocessing = 0;
		};
/* End PBXFrameworksBuildPhase section */

/* Begin PBXGroup section */
		50006A4915285EFF0097FDCC = {
			isa = PBXGroup;
			children = (
				50A3A7FF152A08BC001B346E /* Pop-02.wav */,
				50006A5E15285EFF0097FDCC /* SmartMetronome */,
				50006A5715285EFF0097FDCC /* Frameworks */,
				50006A5515285EFF0097FDCC /* Products */,
			);
			sourceTree = "<group>";
		};
		50006A5515285EFF0097FDCC /* Products */ = {
			isa = PBXGroup;
			children = (
				50006A5415285EFF0097FDCC /* SmartMetronome.app */,
			);
			name = Products;
			sourceTree = "<group>";
		};
		50006A5715285EFF0097FDCC /* Frameworks */ = {
			isa = PBXGroup;
			children = (
				50A3A7FB152A07AF001B346E /* AVFoundation.framework */,
				50A46C54152904BB0051BD84 /* iAd.framework */,
				50006A5815285EFF0097FDCC /* UIKit.framework */,
				50006A5A15285EFF0097FDCC /* Foundation.framework */,
				50006A5C15285EFF0097FDCC /* CoreGraphics.framework */,
			);
			name = Frameworks;
			sourceTree = "<group>";
		};
		50006A5E15285EFF0097FDCC /* SmartMetronome */ = {
			isa = PBXGroup;
			children = (
				50006A6715285EFF0097FDCC /* SMAppDelegate.h */,
				50006A6815285EFF0097FDCC /* SMAppDelegate.m */,
				50A46C4E152903220051BD84 /* MainView.h */,
				50A46C4F152903220051BD84 /* MainView.m */,
				50A46C50152903220051BD84 /* MainView.xib */,
				50A3A7F8152A02D6001B346E /* Metronome.h */,
				50A3A7F9152A02D6001B346E /* Metronome.m */,
				502AC368152A1F42008D717A /* InputRecorder.h */,
				502AC369152A1F42008D717A /* InputRecorder.mm */,
				50ABA433152B2A19000D4E25 /* EchonestAnalyseConnection.h */,
				50ABA434152B2A19000D4E25 /* EchonestAnalyseConnection.mm */,
				50006A5F15285EFF0097FDCC /* Supporting Files */,
				50ABA42F152B27E7000D4E25 /* MBProgressHUD.h */,
				50ABA430152B27E7000D4E25 /* MBProgressHUD.m */,
			);
			path = SmartMetronome;
			sourceTree = "<group>";
		};
		50006A5F15285EFF0097FDCC /* Supporting Files */ = {
			isa = PBXGroup;
			children = (
				50006A6015285EFF0097FDCC /* SmartMetronome-Info.plist */,
				50006A6115285EFF0097FDCC /* InfoPlist.strings */,
				50006A6415285EFF0097FDCC /* main.m */,
				50006A6615285EFF0097FDCC /* SmartMetronome-Prefix.pch */,
			);
			name = "Supporting Files";
			sourceTree = "<group>";
		};
/* End PBXGroup section */

/* Begin PBXNativeTarget section */
		50006A5315285EFF0097FDCC /* SmartMetronome */ = {
			isa = PBXNativeTarget;
			buildConfigurationList = 50006A6C15285EFF0097FDCC /* Build configuration list for PBXNativeTarget "SmartMetronome" */;
			buildPhases = (
				50006A5015285EFF0097FDCC /* Sources */,
				50006A5115285EFF0097FDCC /* Frameworks */,
				50006A5215285EFF0097FDCC /* Resources */,
			);
			buildRules = (
			);
			dependencies = (
			);
			name = SmartMetronome;
			productName = SmartMetronome;
			productReference = 50006A5415285EFF0097FDCC /* SmartMetronome.app */;
			productType = "com.apple.product-type.application";
		};
/* End PBXNativeTarget section */

/* Begin PBXProject section */
		50006A4B15285EFF0097FDCC /* Project object */ = {
			isa = PBXProject;
			attributes = {
				CLASSPREFIX = SM;
				LastUpgradeCheck = 0430;
			};
			buildConfigurationList = 50006A4E15285EFF0097FDCC /* Build configuration list for PBXProject "SmartMetronome" */;
			compatibilityVersion = "Xcode 3.2";
			developmentRegion = English;
			hasScannedForEncodings = 0;
			knownRegions = (
				en,
			);
			mainGroup = 50006A4915285EFF0097FDCC;
			productRefGroup = 50006A5515285EFF0097FDCC /* Products */;
			projectDirPath = "";
			projectRoot = "";
			targets = (
				50006A5315285EFF0097FDCC /* SmartMetronome */,
			);
		};
/* End PBXProject section */

/* Begin PBXResourcesBuildPhase section */
		50006A5215285EFF0097FDCC /* Resources */ = {
			isa = PBXResourcesBuildPhase;
			buildActionMask = 2147483647;
			files = (
				50006A6315285EFF0097FDCC /* InfoPlist.strings in Resources */,
				50A46C52152903220051BD84 /* MainView.xib in Resources */,
				50A3A800152A08BC001B346E /* Pop-02.wav in Resources */,
			);
			runOnlyForDeploymentPostprocessing = 0;
		};
/* End PBXResourcesBuildPhase section */

/* Begin PBXSourcesBuildPhase section */
		50006A5015285EFF0097FDCC /* Sources */ = {
			isa = PBXSourcesBuildPhase;
			buildActionMask = 2147483647;
			files = (
				50006A6515285EFF0097FDCC /* main.m in Sources */,
				50006A6915285EFF0097FDCC /* SMAppDelegate.m in Sources */,
				50A46C51152903220051BD84 /* MainView.m in Sources */,
				50A3A7FA152A02D6001B346E /* Metronome.m in Sources */,
				502AC36A152A1F42008D717A /* InputRecorder.mm in Sources */,
				50ABA431152B27E7000D4E25 /* MBProgressHUD.m in Sources */,
				50ABA435152B2A19000D4E25 /* EchonestAnalyseConnection.mm in Sources */,
			);
			runOnlyForDeploymentPostprocessing = 0;
		};
/* End PBXSourcesBuildPhase section */

/* Begin PBXVariantGroup section */
		50006A6115285EFF0097FDCC /* InfoPlist.strings */ = {
			isa = PBXVariantGroup;
			children = (
				50006A6215285EFF0097FDCC /* en */,
			);
			name = InfoPlist.strings;
			sourceTree = "<group>";
		};
/* End PBXVariantGroup section */

/* Begin XCBuildConfiguration section */
		50006A6A15285EFF0097FDCC /* Debug */ = {
			isa = XCBuildConfiguration;
			buildSettings = {
				ALWAYS_SEARCH_USER_PATHS = NO;
				ARCHS = "$(ARCHS_STANDARD_32_BIT)";
				CLANG_ENABLE_OBJC_ARC = YES;
				"CODE_SIGN_IDENTITY[sdk=iphoneos*]" = "iPhone Developer";
				COPY_PHASE_STRIP = NO;
				GCC_C_LANGUAGE_STANDARD = gnu99;
				GCC_DYNAMIC_NO_PIC = NO;
				GCC_OPTIMIZATION_LEVEL = 0;
				GCC_PREPROCESSOR_DEFINITIONS = (
					"DEBUG=1",
					"$(inherited)",
				);
				GCC_SYMBOLS_PRIVATE_EXTERN = NO;
				GCC_VERSION = com.apple.compilers.llvm.clang.1_0;
				GCC_WARN_ABOUT_RETURN_TYPE = YES;
				GCC_WARN_UNINITIALIZED_AUTOS = YES;
				GCC_WARN_UNUSED_VARIABLE = YES;
				IPHONEOS_DEPLOYMENT_TARGET = 5.1;
				SDKROOT = iphoneos;
			};
			name = Debug;
		};
		50006A6B15285EFF0097FDCC /* Release */ = {
			isa = XCBuildConfiguration;
			buildSettings = {
				ALWAYS_SEARCH_USER_PATHS = NO;
				ARCHS = "$(ARCHS_STANDARD_32_BIT)";
				CLANG_ENABLE_OBJC_ARC = YES;
				"CODE_SIGN_IDENTITY[sdk=iphoneos*]" = "iPhone Developer";
				COPY_PHASE_STRIP = YES;
				GCC_C_LANGUAGE_STANDARD = gnu99;
				GCC_VERSION = com.apple.compilers.llvm.clang.1_0;
				GCC_WARN_ABOUT_RETURN_TYPE = YES;
				GCC_WARN_UNINITIALIZED_AUTOS = YES;
				GCC_WARN_UNUSED_VARIABLE = YES;
				IPHONEOS_DEPLOYMENT_TARGET = 5.1;
				OTHER_CFLAGS = "-DNS_BLOCK_ASSERTIONS=1";
				SDKROOT = iphoneos;
				VALIDATE_PRODUCT = YES;
			};
			name = Release;
		};
		50006A6D15285EFF0097FDCC /* Debug */ = {
			isa = XCBuildConfiguration;
			buildSettings = {
				GCC_PRECOMPILE_PREFIX_HEADER = YES;
				GCC_PREFIX_HEADER = "SmartMetronome/SmartMetronome-Prefix.pch";
				INFOPLIST_FILE = "SmartMetronome/SmartMetronome-Info.plist";
				PRODUCT_NAME = "$(TARGET_NAME)";
				WRAPPER_EXTENSION = app;
			};
			name = Debug;
		};
		50006A6E15285EFF0097FDCC /* Release */ = {
			isa = XCBuildConfiguration;
			buildSettings = {
				GCC_PRECOMPILE_PREFIX_HEADER = YES;
				GCC_PREFIX_HEADER = "SmartMetronome/SmartMetronome-Prefix.pch";
				INFOPLIST_FILE = "SmartMetronome/SmartMetronome-Info.plist";
				PRODUCT_NAME = "$(TARGET_NAME)";
				WRAPPER_EXTENSION = app;
			};
			name = Release;
		};
/* End XCBuildConfiguration section */

/* Begin XCConfigurationList section */
		50006A4E15285EFF0097FDCC /* Build configuration list for PBXProject "SmartMetronome" */ = {
			isa = XCConfigurationList;
			buildConfigurations = (
				50006A6A15285EFF0097FDCC /* Debug */,
				50006A6B15285EFF0097FDCC /* Release */,
			);
			defaultConfigurationIsVisible = 0;
			defaultConfigurationName = Release;
		};
		50006A6C15285EFF0097FDCC /* Build configuration list for PBXNativeTarget "SmartMetronome" */ = {
			isa = XCConfigurationList;
			buildConfigurations = (
				50006A6D15285EFF0097FDCC /* Debug */,
				50006A6E15285EFF0097FDCC /* Release */,
			);
			defaultConfigurationIsVisible = 0;
			defaultConfigurationName = Release;
		};
/* End XCConfigurationList section */
	};
	rootObject = 50006A4B15285EFF0097FDCC /* Project object */;
}
